
Microsoft Visual Studio Solution File, Format Version 12.00
# Visual Studio Version 16
VisualStudioVersion = 16.0.30711.63
MinimumVisualStudioVersion = 10.0.40219.1
Project("{FAE04EC0-301F-11D3-BF4B-00C04F79EFBC}") = "TAC_Buddy2_Proj", "TAC_Buddy2_Proj.csproj", "{DAF4CBB8-79EC-48B7-8153-F18E8E6275F8}"
EndProject
Global
	GlobalSection(SolutionConfigurationPlatforms) = preSolution
		Debug|Any CPU = Debug|Any CPU
		Release|Any CPU = Release|Any CPU
	EndGlobalSection
	GlobalSection(ProjectConfigurationPlatforms) = postSolution
		{DAF4CBB8-79EC-48B7-8153-F18E8E6275F8}.Debug|Any CPU.ActiveCfg = Debug|Any CPU
		{DAF4CBB8-79EC-48B7-8153-F18E8E6275F8}.Debug|Any CPU.Build.0 = Debug|Any CPU
		{DAF4CBB8-79EC-48B7-8153-F18E8E6275F8}.Release|Any CPU.ActiveCfg = Release|Any CPU
		{DAF4CBB8-79EC-48B7-8153-F18E8E6275F8}.Release|Any CPU.Build.0 = Release|Any CPU
	EndGlobalSection
	GlobalSection(SolutionProperties) = preSolution
		HideSolutionNode = FALSE
	EndGlobalSection
	GlobalSection(ExtensibilityGlobals) = postSolution
		SolutionGuid = {FFEB7A75-2EA2-444D-BC6D-A9DADD6397E7}
	EndGlobalSection
EndGlobal
